// !$*UTF8*$!
{
	archiveVersion = 1;
	classes = {
	};
	objectVersion = 55;
	objects = {

/* Begin PBXBuildFile section */
		7884838427D23DCC005AB81A /* AppMVVM_SwiftUIApp.swift in Sources */ = {isa = PBXBuildFile; fileRef = 7884838327D23DCC005AB81A /* AppMVVM_SwiftUIApp.swift */; };
		7884838627D23DCC005AB81A /* CourseListView.swift in Sources */ = {isa = PBXBuildFile; fileRef = 7884838527D23DCC005AB81A /* CourseListView.swift */; };
		7884838827D23DCD005AB81A /* Assets.xcassets in Resources */ = {isa = PBXBuildFile; fileRef = 7884838727D23DCD005AB81A /* Assets.xcassets */; };
		7884838B27D23DCD005AB81A /* Preview Assets.xcassets in Resources */ = {isa = PBXBuildFile; fileRef = 7884838A27D23DCD005AB81A /* Preview Assets.xcassets */; };
		7884839327D245CB005AB81A /* CourseListVIewModel.swift in Sources */ = {isa = PBXBuildFile; fileRef = 7884839227D245CB005AB81A /* CourseListVIewModel.swift */; };
		7884839727D24636005AB81A /* UDManager.swift in Sources */ = {isa = PBXBuildFile; fileRef = 7884839427D24636005AB81A /* UDManager.swift */; };
		7884839827D24636005AB81A /* Course.swift in Sources */ = {isa = PBXBuildFile; fileRef = 7884839527D24636005AB81A /* Course.swift */; };
		7884839927D24636005AB81A /* NetworkManager.swift in Sources */ = {isa = PBXBuildFile; fileRef = 7884839627D24636005AB81A /* NetworkManager.swift */; };
		7884839E27D24EDC005AB81A /* CourseDetailsView.swift in Sources */ = {isa = PBXBuildFile; fileRef = 7884839D27D24EDC005AB81A /* CourseDetailsView.swift */; };
		788483A027D24EE5005AB81A /* CourseDetailsViewModel.swift in Sources */ = {isa = PBXBuildFile; fileRef = 7884839F27D24EE5005AB81A /* CourseDetailsViewModel.swift */; };
		78F7967927D2558F00D4840F /* CourseImageView.swift in Sources */ = {isa = PBXBuildFile; fileRef = 78F7967827D2558F00D4840F /* CourseImageView.swift */; };
/* End PBXBuildFile section */

/* Begin PBXFileReference section */
		7884838027D23DCC005AB81A /* AppMVVM-SwiftUI.app */ = {isa = PBXFileReference; explicitFileType = wrapper.application; includeInIndex = 0; path = "AppMVVM-SwiftUI.app"; sourceTree = BUILT_PRODUCTS_DIR; };
		7884838327D23DCC005AB81A /* AppMVVM_SwiftUIApp.swift */ = {isa = PBXFileReference; lastKnownFileType = sourcecode.swift; path = AppMVVM_SwiftUIApp.swift; sourceTree = "<group>"; };
		7884838527D23DCC005AB81A /* CourseListView.swift */ = {isa = PBXFileReference; lastKnownFileType = sourcecode.swift; path = CourseListView.swift; sourceTree = "<group>"; };
		7884838727D23DCD005AB81A /* Assets.xcassets */ = {isa = PBXFileReference; lastKnownFileType = folder.assetcatalog; path = Assets.xcassets; sourceTree = "<group>"; };
		7884838A27D23DCD005AB81A /* Preview Assets.xcassets */ = {isa = PBXFileReference; lastKnownFileType = folder.assetcatalog; path = "Preview Assets.xcassets"; sourceTree = "<group>"; };
		7884839227D245CB005AB81A /* CourseListVIewModel.swift */ = {isa = PBXFileReference; lastKnownFileType = sourcecode.swift; path = CourseListVIewModel.swift; sourceTree = "<group>"; };
		7884839427D24636005AB81A /* UDManager.swift */ = {isa = PBXFileReference; fileEncoding = 4; lastKnownFileType = sourcecode.swift; path = UDManager.swift; sourceTree = "<group>"; };
		7884839527D24636005AB81A /* Course.swift */ = {isa = PBXFileReference; fileEncoding = 4; lastKnownFileType = sourcecode.swift; path = Course.swift; sourceTree = "<group>"; };
		7884839627D24636005AB81A /* NetworkManager.swift */ = {isa = PBXFileReference; fileEncoding = 4; lastKnownFileType = sourcecode.swift; path = NetworkManager.swift; sourceTree = "<group>"; };
		7884839D27D24EDC005AB81A /* CourseDetailsView.swift */ = {isa = PBXFileReference; lastKnownFileType = sourcecode.swift; path = CourseDetailsView.swift; sourceTree = "<group>"; };
		7884839F27D24EE5005AB81A /* CourseDetailsViewModel.swift */ = {isa = PBXFileReference; lastKnownFileType = sourcecode.swift; path = CourseDetailsViewModel.swift; sourceTree = "<group>"; };
		78F7967827D2558F00D4840F /* CourseImageView.swift */ = {isa = PBXFileReference; lastKnownFileType = sourcecode.swift; path = CourseImageView.swift; sourceTree = "<group>"; };
/* End PBXFileReference section */

/* Begin PBXFrameworksBuildPhase section */
		7884837D27D23DCC005AB81A /* Frameworks */ = {
			isa = PBXFrameworksBuildPhase;
			buildActionMask = 2147483647;
			files = (
			);
			runOnlyForDeploymentPostprocessing = 0;
		};
/* End PBXFrameworksBuildPhase section */

/* Begin PBXGroup section */
		7884837727D23DCC005AB81A = {
			isa = PBXGroup;
			children = (
				7884838227D23DCC005AB81A /* AppMVVM-SwiftUI */,
				7884838127D23DCC005AB81A /* Products */,
			);
			sourceTree = "<group>";
		};
		7884838127D23DCC005AB81A /* Products */ = {
			isa = PBXGroup;
			children = (
				7884838027D23DCC005AB81A /* AppMVVM-SwiftUI.app */,
			);
			name = Products;
			sourceTree = "<group>";
		};
		7884838227D23DCC005AB81A /* AppMVVM-SwiftUI */ = {
			isa = PBXGroup;
			children = (
				7884838327D23DCC005AB81A /* AppMVVM_SwiftUIApp.swift */,
				7884839127D245B3005AB81A /* CourseListView */,
				7884839C27D24EC0005AB81A /* CourseDetailsView */,
				7884839A27D24640005AB81A /* Models */,
				7884839B27D2464C005AB81A /* Services */,
				7884838727D23DCD005AB81A /* Assets.xcassets */,
				7884838927D23DCD005AB81A /* Preview Content */,
			);
			path = "AppMVVM-SwiftUI";
			sourceTree = "<group>";
		};
		7884838927D23DCD005AB81A /* Preview Content */ = {
			isa = PBXGroup;
			children = (
				7884838A27D23DCD005AB81A /* Preview Assets.xcassets */,
			);
			path = "Preview Content";
			sourceTree = "<group>";
		};
		7884839127D245B3005AB81A /* CourseListView */ = {
			isa = PBXGroup;
			children = (
				7884838527D23DCC005AB81A /* CourseListView.swift */,
				7884839227D245CB005AB81A /* CourseListVIewModel.swift */,
			);
			path = CourseListView;
			sourceTree = "<group>";
		};
		7884839A27D24640005AB81A /* Models */ = {
			isa = PBXGroup;
			children = (
				7884839527D24636005AB81A /* Course.swift */,
			);
			path = Models;
			sourceTree = "<group>";
		};
		7884839B27D2464C005AB81A /* Services */ = {
			isa = PBXGroup;
			children = (
				7884839627D24636005AB81A /* NetworkManager.swift */,
				7884839427D24636005AB81A /* UDManager.swift */,
			);
			path = Services;
			sourceTree = "<group>";
		};
		7884839C27D24EC0005AB81A /* CourseDetailsView */ = {
			isa = PBXGroup;
			children = (
				7884839D27D24EDC005AB81A /* CourseDetailsView.swift */,
				7884839F27D24EE5005AB81A /* CourseDetailsViewModel.swift */,
				78F7967827D2558F00D4840F /* CourseImageView.swift */,
			);
			path = CourseDetailsView;
			sourceTree = "<group>";
		};
/* End PBXGroup section */

/* Begin PBXNativeTarget section */
		7884837F27D23DCC005AB81A /* AppMVVM-SwiftUI */ = {
			isa = PBXNativeTarget;
			buildConfigurationList = 7884838E27D23DCD005AB81A /* Build configuration list for PBXNativeTarget "AppMVVM-SwiftUI" */;
			buildPhases = (
				7884837C27D23DCC005AB81A /* Sources */,
				7884837D27D23DCC005AB81A /* Frameworks */,
				7884837E27D23DCC005AB81A /* Resources */,
			);
			buildRules = (
			);
			dependencies = (
			);
			name = "AppMVVM-SwiftUI";
			productName = "AppMVVM-SwiftUI";
			productReference = 7884838027D23DCC005AB81A /* AppMVVM-SwiftUI.app */;
			productType = "com.apple.product-type.application";
		};
/* End PBXNativeTarget section */

/* Begin PBXProject section */
		7884837827D23DCC005AB81A /* Project object */ = {
			isa = PBXProject;
			attributes = {
				BuildIndependentTargetsInParallel = 1;
				LastSwiftUpdateCheck = 1320;
				LastUpgradeCheck = 1320;
				TargetAttributes = {
					7884837F27D23DCC005AB81A = {
						CreatedOnToolsVersion = 13.2.1;
					};
				};
			};
			buildConfigurationList = 7884837B27D23DCC005AB81A /* Build configuration list for PBXProject "AppMVVM-SwiftUI" */;
			compatibilityVersion = "Xcode 13.0";
			developmentRegion = en;
			hasScannedForEncodings = 0;
			knownRegions = (
				en,
				Base,
			);
			mainGroup = 7884837727D23DCC005AB81A;
			productRefGroup = 7884838127D23DCC005AB81A /* Products */;
			projectDirPath = "";
			projectRoot = "";
			targets = (
				7884837F27D23DCC005AB81A /* AppMVVM-SwiftUI */,
			);
		};
/* End PBXProject section */

/* Begin PBXResourcesBuildPhase section */
		7884837E27D23DCC005AB81A /* Resources */ = {
			isa = PBXResourcesBuildPhase;
			buildActionMask = 2147483647;
			files = (
				7884838B27D23DCD005AB81A /* Preview Assets.xcassets in Resources */,
				7884838827D23DCD005AB81A /* Assets.xcassets in Resources */,
			);
			runOnlyForDeploymentPostprocessing = 0;
		};
/* End PBXResourcesBuildPhase section */

/* Begin PBXSourcesBuildPhase section */
		7884837C27D23DCC005AB81A /* Sources */ = {
			isa = PBXSourcesBuildPhase;
			buildActionMask = 2147483647;
			files = (
				7884839927D24636005AB81A /* NetworkManager.swift in Sources */,
				78F7967927D2558F00D4840F /* CourseImageView.swift in Sources */,
				7884839327D245CB005AB81A /* CourseListVIewModel.swift in Sources */,
				788483A027D24EE5005AB81A /* CourseDetailsViewModel.swift in Sources */,
				7884838627D23DCC005AB81A /* CourseListView.swift in Sources */,
				7884839827D24636005AB81A /* Course.swift in Sources */,
				7884839E27D24EDC005AB81A /* CourseDetailsView.swift in Sources */,
				7884839727D24636005AB81A /* UDManager.swift in Sources */,
				7884838427D23DCC005AB81A /* AppMVVM_SwiftUIApp.swift in Sources */,
			);
			runOnlyForDeploymentPostprocessing = 0;
		};
/* End PBXSourcesBuildPhase section */

/* Begin XCBuildConfiguration section */
		7884838C27D23DCD005AB81A /* Debug */ = {
			isa = XCBuildConfiguration;
			buildSettings = {
				ALWAYS_SEARCH_USER_PATHS = NO;
				CLANG_ANALYZER_NONNULL = YES;
				CLANG_ANALYZER_NUMBER_OBJECT_CONVERSION = YES_AGGRESSIVE;
				CLANG_CXX_LANGUAGE_STANDARD = "gnu++17";
				CLANG_CXX_LIBRARY = "libc++";
				CLANG_ENABLE_MODULES = YES;
				CLANG_ENABLE_OBJC_ARC = YES;
				CLANG_ENABLE_OBJC_WEAK = YES;
				CLANG_WARN_BLOCK_CAPTURE_AUTORELEASING = YES;
				CLANG_WARN_BOOL_CONVERSION = YES;
				CLANG_WARN_COMMA = YES;
				CLANG_WARN_CONSTANT_CONVERSION = YES;
				CLANG_WARN_DEPRECATED_OBJC_IMPLEMENTATIONS = YES;
				CLANG_WARN_DIRECT_OBJC_ISA_USAGE = YES_ERROR;
				CLANG_WARN_DOCUMENTATION_COMMENTS = YES;
				CLANG_WARN_EMPTY_BODY = YES;
				CLANG_WARN_ENUM_CONVERSION = YES;
				CLANG_WARN_INFINITE_RECURSION = YES;
				CLANG_WARN_INT_CONVERSION = YES;
				CLANG_WARN_NON_LITERAL_NULL_CONVERSION = YES;
				CLANG_WARN_OBJC_IMPLICIT_RETAIN_SELF = YES;
				CLANG_WARN_OBJC_LITERAL_CONVERSION = YES;
				CLANG_WARN_OBJC_ROOT_CLASS = YES_ERROR;
				CLANG_WARN_QUOTED_INCLUDE_IN_FRAMEWORK_HEADER = YES;
				CLANG_WARN_RANGE_LOOP_ANALYSIS = YES;
				CLANG_WARN_STRICT_PROTOTYPES = YES;
				CLANG_WARN_SUSPICIOUS_MOVE = YES;
				CLANG_WARN_UNGUARDED_AVAILABILITY = YES_AGGRESSIVE;
				CLANG_WARN_UNREACHABLE_CODE = YES;
				CLANG_WARN__DUPLICATE_METHOD_MATCH = YES;
				COPY_PHASE_STRIP = NO;
				DEBUG_INFORMATION_FORMAT = dwarf;
				ENABLE_STRICT_OBJC_MSGSEND = YES;
				ENABLE_TESTABILITY = YES;
				GCC_C_LANGUAGE_STANDARD = gnu11;
				GCC_DYNAMIC_NO_PIC = NO;
				GCC_NO_COMMON_BLOCKS = YES;
				GCC_OPTIMIZATION_LEVEL = 0;
				GCC_PREPROCESSOR_DEFINITIONS = (
					"DEBUG=1",
					"$(inherited)",
				);
				GCC_WARN_64_TO_32_BIT_CONVERSION = YES;
				GCC_WARN_ABOUT_RETURN_TYPE = YES_ERROR;
				GCC_WARN_UNDECLARED_SELECTOR = YES;
				GCC_WARN_UNINITIALIZED_AUTOS = YES_AGGRESSIVE;
				GCC_WARN_UNUSED_FUNCTION = YES;
				GCC_WARN_UNUSED_VARIABLE = YES;
				IPHONEOS_DEPLOYMENT_TARGET = 15.2;
				MTL_ENABLE_DEBUG_INFO = INCLUDE_SOURCE;
				MTL_FAST_MATH = YES;
				ONLY_ACTIVE_ARCH = YES;
				SDKROOT = iphoneos;
				SWIFT_ACTIVE_COMPILATION_CONDITIONS = DEBUG;
				SWIFT_OPTIMIZATION_LEVEL = "-Onone";
			};
			name = Debug;
		};
		7884838D27D23DCD005AB81A /* Release */ = {
			isa = XCBuildConfiguration;
			buildSettings = {
				ALWAYS_SEARCH_USER_PATHS = NO;
				CLANG_ANALYZER_NONNULL = YES;
				CLANG_ANALYZER_NUMBER_OBJECT_CONVERSION = YES_AGGRESSIVE;
				CLANG_CXX_LANGUAGE_STANDARD = "gnu++17";
				CLANG_CXX_LIBRARY = "libc++";
				CLANG_ENABLE_MODULES = YES;
				CLANG_ENABLE_OBJC_ARC = YES;
				CLANG_ENABLE_OBJC_WEAK = YES;
				CLANG_WARN_BLOCK_CAPTURE_AUTORELEASING = YES;
				CLANG_WARN_BOOL_CONVERSION = YES;
				CLANG_WARN_COMMA = YES;
				CLANG_WARN_CONSTANT_CONVERSION = YES;
				CLANG_WARN_DEPRECATED_OBJC_IMPLEMENTATIONS = YES;
				CLANG_WARN_DIRECT_OBJC_ISA_USAGE = YES_ERROR;
				CLANG_WARN_DOCUMENTATION_COMMENTS = YES;
				CLANG_WARN_EMPTY_BODY = YES;
				CLANG_WARN_ENUM_CONVERSION = YES;
				CLANG_WARN_INFINITE_RECURSION = YES;
				CLANG_WARN_INT_CONVERSION = YES;
				CLANG_WARN_NON_LITERAL_NULL_CONVERSION = YES;
				CLANG_WARN_OBJC_IMPLICIT_RETAIN_SELF = YES;
				CLANG_WARN_OBJC_LITERAL_CONVERSION = YES;
				CLANG_WARN_OBJC_ROOT_CLASS = YES_ERROR;
				CLANG_WARN_QUOTED_INCLUDE_IN_FRAMEWORK_HEADER = YES;
				CLANG_WARN_RANGE_LOOP_ANALYSIS = YES;
				CLANG_WARN_STRICT_PROTOTYPES = YES;
				CLANG_WARN_SUSPICIOUS_MOVE = YES;
				CLANG_WARN_UNGUARDED_AVAILABILITY = YES_AGGRESSIVE;
				CLANG_WARN_UNREACHABLE_CODE = YES;
				CLANG_WARN__DUPLICATE_METHOD_MATCH = YES;
				COPY_PHASE_STRIP = NO;
				DEBUG_INFORMATION_FORMAT = "dwarf-with-dsym";
				ENABLE_NS_ASSERTIONS = NO;
				ENABLE_STRICT_OBJC_MSGSEND = YES;
				GCC_C_LANGUAGE_STANDARD = gnu11;
				GCC_NO_COMMON_BLOCKS = YES;
				GCC_WARN_64_TO_32_BIT_CONVERSION = YES;
				GCC_WARN_ABOUT_RETURN_TYPE = YES_ERROR;
				GCC_WARN_UNDECLARED_SELECTOR = YES;
				GCC_WARN_UNINITIALIZED_AUTOS = YES_AGGRESSIVE;
				GCC_WARN_UNUSED_FUNCTION = YES;
				GCC_WARN_UNUSED_VARIABLE = YES;
				IPHONEOS_DEPLOYMENT_TARGET = 15.2;
				MTL_ENABLE_DEBUG_INFO = NO;
				MTL_FAST_MATH = YES;
				SDKROOT = iphoneos;
				SWIFT_COMPILATION_MODE = wholemodule;
				SWIFT_OPTIMIZATION_LEVEL = "-O";
				VALIDATE_PRODUCT = YES;
			};
			name = Release;
		};
		7884838F27D23DCD005AB81A /* Debug */ = {
			isa = XCBuildConfiguration;
			buildSettings = {
				ASSETCATALOG_COMPILER_APPICON_NAME = AppIcon;
				ASSETCATALOG_COMPILER_GLOBAL_ACCENT_COLOR_NAME = AccentColor;
				CODE_SIGN_STYLE = Automatic;
				CURRENT_PROJECT_VERSION = 1;
				DEVELOPMENT_ASSET_PATHS = "\"AppMVVM-SwiftUI/Preview Content\"";
				DEVELOPMENT_TEAM = K5L7239SK4;
				ENABLE_PREVIEWS = YES;
				GENERATE_INFOPLIST_FILE = YES;
				INFOPLIST_KEY_UIApplicationSceneManifest_Generation = YES;
				INFOPLIST_KEY_UIApplicationSupportsIndirectInputEvents = YES;
				INFOPLIST_KEY_UILaunchScreen_Generation = YES;
				INFOPLIST_KEY_UISupportedInterfaceOrientations_iPad = "UIInterfaceOrientationPortrait UIInterfaceOrientationPortraitUpsideDown UIInterfaceOrientationLandscapeLeft UIInterfaceOrientationLandscapeRight";
				INFOPLIST_KEY_UISupportedInterfaceOrientations_iPhone = "UIInterfaceOrientationPortrait UIInterfaceOrientationLandscapeLeft UIInterfaceOrientationLandscapeRight";
				LD_RUNPATH_SEARCH_PATHS = (
					"$(inherited)",
					"@executable_path/Frameworks",
				);
				MARKETING_VERSION = 1.0;
				PRODUCT_BUNDLE_IDENTIFIER = "lexemz.AppMVVM-SwiftUI";
				PRODUCT_NAME = "$(TARGET_NAME)";
				SWIFT_EMIT_LOC_STRINGS = YES;
				SWIFT_VERSION = 5.0;
				TARGETED_DEVICE_FAMILY = "1,2";
			};
			name = Debug;
		};
		7884839027D23DCD005AB81A /* Release */ = {
			isa = XCBuildConfiguration;
			buildSettings = {
				ASSETCATALOG_COMPILER_APPICON_NAME = AppIcon;
				ASSETCATALOG_COMPILER_GLOBAL_ACCENT_COLOR_NAME = AccentColor;
				CODE_SIGN_STYLE = Automatic;
				CURRENT_PROJECT_VERSION = 1;
				DEVELOPMENT_ASSET_PATHS = "\"AppMVVM-SwiftUI/Preview Content\"";
				DEVELOPMENT_TEAM = K5L7239SK4;
				ENABLE_PREVIEWS = YES;
				GENERATE_INFOPLIST_FILE = YES;
				INFOPLIST_KEY_UIApplicationSceneManifest_Generation = YES;
				INFOPLIST_KEY_UIApplicationSupportsIndirectInputEvents = YES;
				INFOPLIST_KEY_UILaunchScreen_Generation = YES;
				INFOPLIST_KEY_UISupportedInterfaceOrientations_iPad = "UIInterfaceOrientationPortrait UIInterfaceOrientationPortraitUpsideDown UIInterfaceOrientationLandscapeLeft UIInterfaceOrientationLandscapeRight";
				INFOPLIST_KEY_UISupportedInterfaceOrientations_iPhone = "UIInterfaceOrientationPortrait UIInterfaceOrientationLandscapeLeft UIInterfaceOrientationLandscapeRight";
				LD_RUNPATH_SEARCH_PATHS = (
					"$(inherited)",
					"@executable_path/Frameworks",
				);
				MARKETING_VERSION = 1.0;
				PRODUCT_BUNDLE_IDENTIFIER = "lexemz.AppMVVM-SwiftUI";
				PRODUCT_NAME = "$(TARGET_NAME)";
				SWIFT_EMIT_LOC_STRINGS = YES;
				SWIFT_VERSION = 5.0;
				TARGETED_DEVICE_FAMILY = "1,2";
			};
			name = Release;
		};
/* End XCBuildConfiguration section */

/* Begin XCConfigurationList section */
		7884837B27D23DCC005AB81A /* Build configuration list for PBXProject "AppMVVM-SwiftUI" */ = {
			isa = XCConfigurationList;
			buildConfigurations = (
				7884838C27D23DCD005AB81A /* Debug */,
				7884838D27D23DCD005AB81A /* Release */,
			);
			defaultConfigurationIsVisible = 0;
			defaultConfigurationName = Release;
		};
		7884838E27D23DCD005AB81A /* Build configuration list for PBXNativeTarget "AppMVVM-SwiftUI" */ = {
			isa = XCConfigurationList;
			buildConfigurations = (
				7884838F27D23DCD005AB81A /* Debug */,
				7884839027D23DCD005AB81A /* Release */,
			);
			defaultConfigurationIsVisible = 0;
			defaultConfigurationName = Release;
		};
/* End XCConfigurationList section */
	};
	rootObject = 7884837827D23DCC005AB81A /* Project object */;
}
